Microsoft Visual Studio Solution File, Format Version 8.00
Project("{8BC9CEB8-8B4A-11D0-8D11-00A0C91BC942}") = "trimesh_base", "trimesh_base\trimesh_base.vcproj", "{0B7F680B-ED20-3001-B9BE-1EDAFE545C64}"
EndProject
Project("{8BC9CEB8-8B4A-11D0-8D11-00A0C91BC942}") = "trimesh_topology", "trimesh_topology\trimesh_topology.vcproj", "{627E5101-FB98-3026-850E-BAF0DD88A5CE}"
EndProject
Project("{8BC9CEB8-8B4A-11D0-8D11-00A0C91BC942}") = "trimesh_smooth", "trimesh_smooth\trimesh_smooth.vcproj", "{1F2E5C6D-8394-3AC5-83F4-C2947B31B607}"
EndProject
Project("{8BC9CEB8-8B4A-11D0-8D11-00A0C91BC942}") = "trimesh_refine", "trimesh_refine\trimesh_refine.vcproj", "{831831A5-C915-3439-8BD1-CA15B529BDB3}"
EndProject
Project("{8BC9CEB8-8B4A-11D0-8D11-00A0C91BC942}") = "trimesh_isosurface", "trimesh_isosurface\trimesh_isosurface.vcproj", "{A52CB564-AC7F-34E5-90E5-07F879D5DD3D}"
EndProject
Project("{8BC9CEB8-8B4A-11D0-8D11-00A0C91BC942}") = "trimesh_join", "trimesh_join\trimesh_join.vcproj", "{EFE483ED-FBB7-34A3-B4D6-C229F5595B0D}"
EndProject
Project("{8BC9CEB8-8B4A-11D0-8D11-00A0C91BC942}") = "trimesh_optional", "trimesh_optional\trimesh_optional.vcproj", "{193DB083-9ACA-3E9B-A911-762040E04820}"
EndProject
Project("{8BC9CEB8-8B4A-11D0-8D11-00A0C91BC942}") = "aabb_binary_tree", "aabb_binary_tree\aabb_binary_tree.vcproj", "{22BA9CD4-30BB-30C5-A6FB-B7A015B32721}"
EndProject
Global
	GlobalSection(SolutionConfiguration) = preSolution
		ConfigName.0 = Debug
		ConfigName.1 = Release
	EndGlobalSection
	GlobalSection(ProjectDependencies) = postSolution
	EndGlobalSection
	GlobalSection(ProjectConfiguration) = postSolution
		{0B7F680B-ED20-3001-B9BE-1EDAFE545C64}.Debug.ActiveCfg = Debug|Win32
		{0B7F680B-ED20-3001-B9BE-1EDAFE545C64}.Debug.Build.0 = Debug|Win32
		{0B7F680B-ED20-3001-B9BE-1EDAFE545C64}.Release.ActiveCfg = Release|Win32
		{0B7F680B-ED20-3001-B9BE-1EDAFE545C64}.Release.Build.0 = Release|Win32
		{627E5101-FB98-3026-850E-BAF0DD88A5CE}.Debug.ActiveCfg = Debug|Win32
		{627E5101-FB98-3026-850E-BAF0DD88A5CE}.Debug.Build.0 = Debug|Win32
		{627E5101-FB98-3026-850E-BAF0DD88A5CE}.Release.ActiveCfg = Release|Win32
		{627E5101-FB98-3026-850E-BAF0DD88A5CE}.Release.Build.0 = Release|Win32
		{1F2E5C6D-8394-3AC5-83F4-C2947B31B607}.Debug.ActiveCfg = Debug|Win32
		{1F2E5C6D-8394-3AC5-83F4-C2947B31B607}.Debug.Build.0 = Debug|Win32
		{1F2E5C6D-8394-3AC5-83F4-C2947B31B607}.Release.ActiveCfg = Release|Win32
		{1F2E5C6D-8394-3AC5-83F4-C2947B31B607}.Release.Build.0 = Release|Win32
		{831831A5-C915-3439-8BD1-CA15B529BDB3}.Debug.ActiveCfg = Debug|Win32
		{831831A5-C915-3439-8BD1-CA15B529BDB3}.Debug.Build.0 = Debug|Win32
		{831831A5-C915-3439-8BD1-CA15B529BDB3}.Release.ActiveCfg = Release|Win32
		{831831A5-C915-3439-8BD1-CA15B529BDB3}.Release.Build.0 = Release|Win32
		{A52CB564-AC7F-34E5-90E5-07F879D5DD3D}.Debug.ActiveCfg = Debug|Win32
		{A52CB564-AC7F-34E5-90E5-07F879D5DD3D}.Debug.Build.0 = Debug|Win32
		{A52CB564-AC7F-34E5-90E5-07F879D5DD3D}.Release.ActiveCfg = Release|Win32
		{A52CB564-AC7F-34E5-90E5-07F879D5DD3D}.Release.Build.0 = Release|Win32
		{EFE483ED-FBB7-34A3-B4D6-C229F5595B0D}.Debug.ActiveCfg = Debug|Win32
		{EFE483ED-FBB7-34A3-B4D6-C229F5595B0D}.Debug.Build.0 = Debug|Win32
		{EFE483ED-FBB7-34A3-B4D6-C229F5595B0D}.Release.ActiveCfg = Release|Win32
		{EFE483ED-FBB7-34A3-B4D6-C229F5595B0D}.Release.Build.0 = Release|Win32
		{193DB083-9ACA-3E9B-A911-762040E04820}.Debug.ActiveCfg = Debug|Win32
		{193DB083-9ACA-3E9B-A911-762040E04820}.Debug.Build.0 = Debug|Win32
		{193DB083-9ACA-3E9B-A911-762040E04820}.Release.ActiveCfg = Release|Win32
		{193DB083-9ACA-3E9B-A911-762040E04820}.Release.Build.0 = Release|Win32
		{22BA9CD4-30BB-30C5-A6FB-B7A015B32721}.Debug.ActiveCfg = Debug|Win32
		{22BA9CD4-30BB-30C5-A6FB-B7A015B32721}.Debug.Build.0 = Debug|Win32
		{22BA9CD4-30BB-30C5-A6FB-B7A015B32721}.Release.ActiveCfg = Release|Win32
		{22BA9CD4-30BB-30C5-A6FB-B7A015B32721}.Release.Build.0 = Release|Win32
	EndGlobalSection
	GlobalSection(ExtensibilityGlobals) = postSolution
	EndGlobalSection
	GlobalSection(ExtensibilityAddIns) = postSolution
	EndGlobalSection
EndGlobal